
Microsoft Visual Studio Solution File, Format Version 12.00
# Visual Studio Version 17
VisualStudioVersion = 17.14.36915.13 d17.14
MinimumVisualStudioVersion = 10.0.40219.1
Project("{FAE04EC0-301F-11D3-BF4B-00C04F79EFBC}") = "CyberSecurityAwareness3", "CyberSecurityAwareness3.csproj", "{80F85C2D-0728-4B70-AAEE-F4137A839773}"
EndProject
Global
	GlobalSection(SolutionConfigurationPlatforms) = preSolution
		Debug|Any CPU = Debug|Any CPU
		Release|Any CPU = Release|Any CPU
	EndGlobalSection
	GlobalSection(ProjectConfigurationPlatforms) = postSolution
		{80F85C2D-0728-4B70-AAEE-F4137A839773}.Debug|Any CPU.ActiveCfg = Debug|Any CPU
		{80F85C2D-0728-4B70-AAEE-F4137A839773}.Debug|Any CPU.Build.0 = Debug|Any CPU
		{80F85C2D-0728-4B70-AAEE-F4137A839773}.Release|Any CPU.ActiveCfg = Release|Any CPU
		{80F85C2D-0728-4B70-AAEE-F4137A839773}.Release|Any CPU.Build.0 = Release|Any CPU
	EndGlobalSection
	GlobalSection(SolutionProperties) = preSolution
		HideSolutionNode = FALSE
	EndGlobalSection
	GlobalSection(ExtensibilityGlobals) = postSolution
		SolutionGuid = {05914A33-E9E5-4AD8-B90B-9A9A3CEC715F}
	EndGlobalSection
EndGlobal
